
Microsoft Visual Studio Solution File, Format Version 12.00
# Visual Studio Version 17
VisualStudioVersion = 17.2.32505.173
MinimumVisualStudioVersion = 10.0.40219.1
Project("{FAE04EC0-301F-11D3-BF4B-00C04F79EFBC}") = "Khaqan", "Khaqan\Khaqan.csproj", "{8FBFA7AE-0BAE-4C84-9BC9-18AE897463C0}"
EndProject
Global
	GlobalSection(SolutionConfigurationPlatforms) = preSolution
		Debug|Any CPU = Debug|Any CPU
		Release|Any CPU = Release|Any CPU
	EndGlobalSection
	GlobalSection(ProjectConfigurationPlatforms) = postSolution
		{8FBFA7AE-0BAE-4C84-9BC9-18AE897463C0}.Debug|Any CPU.ActiveCfg = Debug|Any CPU
		{8FBFA7AE-0BAE-4C84-9BC9-18AE897463C0}.Debug|Any CPU.Build.0 = Debug|Any CPU
		{8FBFA7AE-0BAE-4C84-9BC9-18AE897463C0}.Release|Any CPU.ActiveCfg = Release|Any CPU
		{8FBFA7AE-0BAE-4C84-9BC9-18AE897463C0}.Release|Any CPU.Build.0 = Release|Any CPU
	EndGlobalSection
	GlobalSection(SolutionProperties) = preSolution
		HideSolutionNode = FALSE
	EndGlobalSection
	GlobalSection(ExtensibilityGlobals) = postSolution
		SolutionGuid = {A1FA0E74-C8CC-435D-A825-EBE19E3DC00B}
	EndGlobalSection
EndGlobal
